// !$*UTF8*$!
{
	archiveVersion = 1;
	classes = {
	};
	objectVersion = 46;
	objects = {

/* Begin PBXBuildFile section */
		862FCE081CA65B4300DE971A /* main.m in Sources */ = {isa = PBXBuildFile; fileRef = 862FCE071CA65B4300DE971A /* main.m */; };
		862FCE0B1CA65B4300DE971A /* AppDelegate.m in Sources */ = {isa = PBXBuildFile; fileRef = 862FCE0A1CA65B4300DE971A /* AppDelegate.m */; };
		862FCE0E1CA65B4300DE971A /* ViewController.m in Sources */ = {isa = PBXBuildFile; fileRef = 862FCE0D1CA65B4300DE971A /* ViewController.m */; };
		862FCE111CA65B4400DE971A /* Main.storyboard in Resources */ = {isa = PBXBuildFile; fileRef = 862FCE0F1CA65B4400DE971A /* Main.storyboard */; };
		862FCE141CA65B4400DE971A /* Hackathon_ios.xcdatamodeld in Sources */ = {isa = PBXBuildFile; fileRef = 862FCE121CA65B4400DE971A /* Hackathon_ios.xcdatamodeld */; };
		862FCE161CA65B4400DE971A /* Assets.xcassets in Resources */ = {isa = PBXBuildFile; fileRef = 862FCE151CA65B4400DE971A /* Assets.xcassets */; };
		862FCE191CA65B4400DE971A /* LaunchScreen.storyboard in Resources */ = {isa = PBXBuildFile; fileRef = 862FCE171CA65B4400DE971A /* LaunchScreen.storyboard */; };
		862FCE241CA65B4400DE971A /* Hackathon_iosTests.m in Sources */ = {isa = PBXBuildFile; fileRef = 862FCE231CA65B4400DE971A /* Hackathon_iosTests.m */; };
		862FCE2F1CA65B4400DE971A /* Hackathon_iosUITests.m in Sources */ = {isa = PBXBuildFile; fileRef = 862FCE2E1CA65B4400DE971A /* Hackathon_iosUITests.m */; };
/* End PBXBuildFile section */

/* Begin PBXContainerItemProxy section */
		862FCE201CA65B4400DE971A /* PBXContainerItemProxy */ = {
			isa = PBXContainerItemProxy;
			containerPortal = 862FCDFB1CA65B4300DE971A /* Project object */;
			proxyType = 1;
			remoteGlobalIDString = 862FCE021CA65B4300DE971A;
			remoteInfo = Hackathon_ios;
		};
		862FCE2B1CA65B4400DE971A /* PBXContainerItemProxy */ = {
			isa = PBXContainerItemProxy;
			containerPortal = 862FCDFB1CA65B4300DE971A /* Project object */;
			proxyType = 1;
			remoteGlobalIDString = 862FCE021CA65B4300DE971A;
			remoteInfo = Hackathon_ios;
		};
/* End PBXContainerItemProxy section */

/* Begin PBXFileReference section */
		862FCE031CA65B4300DE971A /* Hackathon_ios.app */ = {isa = PBXFileReference; explicitFileType = wrapper.application; includeInIndex = 0; path = Hackathon_ios.app; sourceTree = BUILT_PRODUCTS_DIR; };
		862FCE071CA65B4300DE971A /* main.m */ = {isa = PBXFileReference; lastKnownFileType = sourcecode.c.objc; path = main.m; sourceTree = "<group>"; };
		862FCE091CA65B4300DE971A /* AppDelegate.h */ = {isa = PBXFileReference; lastKnownFileType = sourcecode.c.h; path = AppDelegate.h; sourceTree = "<group>"; };
		862FCE0A1CA65B4300DE971A /* AppDelegate.m */ = {isa = PBXFileReference; lastKnownFileType = sourcecode.c.objc; path = AppDelegate.m; sourceTree = "<group>"; };
		862FCE0C1CA65B4300DE971A /* ViewController.h */ = {isa = PBXFileReference; lastKnownFileType = sourcecode.c.h; path = ViewController.h; sourceTree = "<group>"; };
		862FCE0D1CA65B4300DE971A /* ViewController.m */ = {isa = PBXFileReference; lastKnownFileType = sourcecode.c.objc; path = ViewController.m; sourceTree = "<group>"; };
		862FCE101CA65B4400DE971A /* Base */ = {isa = PBXFileReference; lastKnownFileType = file.storyboard; name = Base; path = Base.lproj/Main.storyboard; sourceTree = "<group>"; };
		862FCE131CA65B4400DE971A /* Hackathon_ios.xcdatamodel */ = {isa = PBXFileReference; lastKnownFileType = wrapper.xcdatamodel; path = Hackathon_ios.xcdatamodel; sourceTree = "<group>"; };
		862FCE151CA65B4400DE971A /* Assets.xcassets */ = {isa = PBXFileReference; lastKnownFileType = folder.assetcatalog; path = Assets.xcassets; sourceTree = "<group>"; };
		862FCE181CA65B4400DE971A /* Base */ = {isa = PBXFileReference; lastKnownFileType = file.storyboard; name = Base; path = Base.lproj/LaunchScreen.storyboard; sourceTree = "<group>"; };
		862FCE1A1CA65B4400DE971A /* Info.plist */ = {isa = PBXFileReference; lastKnownFileType = text.plist.xml; path = Info.plist; sourceTree = "<group>"; };
		862FCE1F1CA65B4400DE971A /* Hackathon_iosTests.xctest */ = {isa = PBXFileReference; explicitFileType = wrapper.cfbundle; includeInIndex = 0; path = Hackathon_iosTests.xctest; sourceTree = BUILT_PRODUCTS_DIR; };
		862FCE231CA65B4400DE971A /* Hackathon_iosTests.m */ = {isa = PBXFileReference; lastKnownFileType = sourcecode.c.objc; path = Hackathon_iosTests.m; sourceTree = "<group>"; };
		862FCE251CA65B4400DE971A /* Info.plist */ = {isa = PBXFileReference; lastKnownFileType = text.plist.xml; path = Info.plist; sourceTree = "<group>"; };
		862FCE2A1CA65B4400DE971A /* Hackathon_iosUITests.xctest */ = {isa = PBXFileReference; explicitFileType = wrapper.cfbundle; includeInIndex = 0; path = Hackathon_iosUITests.xctest; sourceTree = BUILT_PRODUCTS_DIR; };
		862FCE2E1CA65B4400DE971A /* Hackathon_iosUITests.m */ = {isa = PBXFileReference; lastKnownFileType = sourcecode.c.objc; path = Hackathon_iosUITests.m; sourceTree = "<group>"; };
		862FCE301CA65B4400DE971A /* Info.plist */ = {isa = PBXFileReference; lastKnownFileType = text.plist.xml; path = Info.plist; sourceTree = "<group>"; };
/* End PBXFileReference section */

/* Begin PBXFrameworksBuildPhase section */
		862FCE001CA65B4300DE971A /* Frameworks */ = {
			isa = PBXFrameworksBuildPhase;
			buildActionMask = 2147483647;
			files = (
			);
			runOnlyForDeploymentPostprocessing = 0;
		};
		862FCE1C1CA65B4400DE971A /* Frameworks */ = {
			isa = PBXFrameworksBuildPhase;
			buildActionMask = 2147483647;
			files = (
			);
			runOnlyForDeploymentPostprocessing = 0;
		};
		862FCE271CA65B4400DE971A /* Frameworks */ = {
			isa = PBXFrameworksBuildPhase;
			buildActionMask = 2147483647;
			files = (
			);
			runOnlyForDeploymentPostprocessing = 0;
		};
/* End PBXFrameworksBuildPhase section */

/* Begin PBXGroup section */
		862FCDFA1CA65B4300DE971A = {
			isa = PBXGroup;
			children = (
				862FCE051CA65B4300DE971A /* Hackathon_ios */,
				862FCE221CA65B4400DE971A /* Hackathon_iosTests */,
				862FCE2D1CA65B4400DE971A /* Hackathon_iosUITests */,
				862FCE041CA65B4300DE971A /* Products */,
			);
			sourceTree = "<group>";
		};
		862FCE041CA65B4300DE971A /* Products */ = {
			isa = PBXGroup;
			children = (
				862FCE031CA65B4300DE971A /* Hackathon_ios.app */,
				862FCE1F1CA65B4400DE971A /* Hackathon_iosTests.xctest */,
				862FCE2A1CA65B4400DE971A /* Hackathon_iosUITests.xctest */,
			);
			name = Products;
			sourceTree = "<group>";
		};
		862FCE051CA65B4300DE971A /* Hackathon_ios */ = {
			isa = PBXGroup;
			children = (
				862FCE091CA65B4300DE971A /* AppDelegate.h */,
				862FCE0A1CA65B4300DE971A /* AppDelegate.m */,
				862FCE0C1CA65B4300DE971A /* ViewController.h */,
				862FCE0D1CA65B4300DE971A /* ViewController.m */,
				862FCE0F1CA65B4400DE971A /* Main.storyboard */,
				862FCE151CA65B4400DE971A /* Assets.xcassets */,
				862FCE171CA65B4400DE971A /* LaunchScreen.storyboard */,
				862FCE1A1CA65B4400DE971A /* Info.plist */,
				862FCE121CA65B4400DE971A /* Hackathon_ios.xcdatamodeld */,
				862FCE061CA65B4300DE971A /* Supporting Files */,
			);
			path = Hackathon_ios;
			sourceTree = "<group>";
		};
		862FCE061CA65B4300DE971A /* Supporting Files */ = {
			isa = PBXGroup;
			children = (
				862FCE071CA65B4300DE971A /* main.m */,
			);
			name = "Supporting Files";
			sourceTree = "<group>";
		};
		862FCE221CA65B4400DE971A /* Hackathon_iosTests */ = {
			isa = PBXGroup;
			children = (
				862FCE231CA65B4400DE971A /* Hackathon_iosTests.m */,
				862FCE251CA65B4400DE971A /* Info.plist */,
			);
			path = Hackathon_iosTests;
			sourceTree = "<group>";
		};
		862FCE2D1CA65B4400DE971A /* Hackathon_iosUITests */ = {
			isa = PBXGroup;
			children = (
				862FCE2E1CA65B4400DE971A /* Hackathon_iosUITests.m */,
				862FCE301CA65B4400DE971A /* Info.plist */,
			);
			path = Hackathon_iosUITests;
			sourceTree = "<group>";
		};
/* End PBXGroup section */

/* Begin PBXNativeTarget section */
		862FCE021CA65B4300DE971A /* Hackathon_ios */ = {
			isa = PBXNativeTarget;
			buildConfigurationList = 862FCE331CA65B4400DE971A /* Build configuration list for PBXNativeTarget "Hackathon_ios" */;
			buildPhases = (
				862FCDFF1CA65B4300DE971A /* Sources */,
				862FCE001CA65B4300DE971A /* Frameworks */,
				862FCE011CA65B4300DE971A /* Resources */,
			);
			buildRules = (
			);
			dependencies = (
			);
			name = Hackathon_ios;
			productName = Hackathon_ios;
			productReference = 862FCE031CA65B4300DE971A /* Hackathon_ios.app */;
			productType = "com.apple.product-type.application";
		};
		862FCE1E1CA65B4400DE971A /* Hackathon_iosTests */ = {
			isa = PBXNativeTarget;
			buildConfigurationList = 862FCE361CA65B4400DE971A /* Build configuration list for PBXNativeTarget "Hackathon_iosTests" */;
			buildPhases = (
				862FCE1B1CA65B4400DE971A /* Sources */,
				862FCE1C1CA65B4400DE971A /* Frameworks */,
				862FCE1D1CA65B4400DE971A /* Resources */,
			);
			buildRules = (
			);
			dependencies = (
				862FCE211CA65B4400DE971A /* PBXTargetDependency */,
			);
			name = Hackathon_iosTests;
			productName = Hackathon_iosTests;
			productReference = 862FCE1F1CA65B4400DE971A /* Hackathon_iosTests.xctest */;
			productType = "com.apple.product-type.bundle.unit-test";
		};
		862FCE291CA65B4400DE971A /* Hackathon_iosUITests */ = {
			isa = PBXNativeTarget;
			buildConfigurationList = 862FCE391CA65B4400DE971A /* Build configuration list for PBXNativeTarget "Hackathon_iosUITests" */;
			buildPhases = (
				862FCE261CA65B4400DE971A /* Sources */,
				862FCE271CA65B4400DE971A /* Frameworks */,
				862FCE281CA65B4400DE971A /* Resources */,
			);
			buildRules = (
			);
			dependencies = (
				862FCE2C1CA65B4400DE971A /* PBXTargetDependency */,
			);
			name = Hackathon_iosUITests;
			productName = Hackathon_iosUITests;
			productReference = 862FCE2A1CA65B4400DE971A /* Hackathon_iosUITests.xctest */;
			productType = "com.apple.product-type.bundle.ui-testing";
		};
/* End PBXNativeTarget section */

/* Begin PBXProject section */
		862FCDFB1CA65B4300DE971A /* Project object */ = {
			isa = PBXProject;
			attributes = {
				LastUpgradeCheck = 0700;
				ORGANIZATIONNAME = Mera;
				TargetAttributes = {
					862FCE021CA65B4300DE971A = {
						CreatedOnToolsVersion = 7.0;
					};
					862FCE1E1CA65B4400DE971A = {
						CreatedOnToolsVersion = 7.0;
						TestTargetID = 862FCE021CA65B4300DE971A;
					};
					862FCE291CA65B4400DE971A = {
						CreatedOnToolsVersion = 7.0;
						TestTargetID = 862FCE021CA65B4300DE971A;
					};
				};
			};
			buildConfigurationList = 862FCDFE1CA65B4300DE971A /* Build configuration list for PBXProject "Hackathon_ios" */;
			compatibilityVersion = "Xcode 3.2";
			developmentRegion = English;
			hasScannedForEncodings = 0;
			knownRegions = (
				en,
				Base,
			);
			mainGroup = 862FCDFA1CA65B4300DE971A;
			productRefGroup = 862FCE041CA65B4300DE971A /* Products */;
			projectDirPath = "";
			projectRoot = "";
			targets = (
				862FCE021CA65B4300DE971A /* Hackathon_ios */,
				862FCE1E1CA65B4400DE971A /* Hackathon_iosTests */,
				862FCE291CA65B4400DE971A /* Hackathon_iosUITests */,
			);
		};
/* End PBXProject section */

/* Begin PBXResourcesBuildPhase section */
		862FCE011CA65B4300DE971A /* Resources */ = {
			isa = PBXResourcesBuildPhase;
			buildActionMask = 2147483647;
			files = (
				862FCE191CA65B4400DE971A /* LaunchScreen.storyboard in Resources */,
				862FCE161CA65B4400DE971A /* Assets.xcassets in Resources */,
				862FCE111CA65B4400DE971A /* Main.storyboard in Resources */,
			);
			runOnlyForDeploymentPostprocessing = 0;
		};
		862FCE1D1CA65B4400DE971A /* Resources */ = {
			isa = PBXResourcesBuildPhase;
			buildActionMask = 2147483647;
			files = (
			);
			runOnlyForDeploymentPostprocessing = 0;
		};
		862FCE281CA65B4400DE971A /* Resources */ = {
			isa = PBXResourcesBuildPhase;
			buildActionMask = 2147483647;
			files = (
			);
			runOnlyForDeploymentPostprocessing = 0;
		};
/* End PBXResourcesBuildPhase section */

/* Begin PBXSourcesBuildPhase section */
		862FCDFF1CA65B4300DE971A /* Sources */ = {
			isa = PBXSourcesBuildPhase;
			buildActionMask = 2147483647;
			files = (
				862FCE0E1CA65B4300DE971A /* ViewController.m in Sources */,
				862FCE141CA65B4400DE971A /* Hackathon_ios.xcdatamodeld in Sources */,
				862FCE0B1CA65B4300DE971A /* AppDelegate.m in Sources */,
				862FCE081CA65B4300DE971A /* main.m in Sources */,
			);
			runOnlyForDeploymentPostprocessing = 0;
		};
		862FCE1B1CA65B4400DE971A /* Sources */ = {
			isa = PBXSourcesBuildPhase;
			buildActionMask = 2147483647;
			files = (
				862FCE241CA65B4400DE971A /* Hackathon_iosTests.m in Sources */,
			);
			runOnlyForDeploymentPostprocessing = 0;
		};
		862FCE261CA65B4400DE971A /* Sources */ = {
			isa = PBXSourcesBuildPhase;
			buildActionMask = 2147483647;
			files = (
				862FCE2F1CA65B4400DE971A /* Hackathon_iosUITests.m in Sources */,
			);
			runOnlyForDeploymentPostprocessing = 0;
		};
/* End PBXSourcesBuildPhase section */

/* Begin PBXTargetDependency section */
		862FCE211CA65B4400DE971A /* PBXTargetDependency */ = {
			isa = PBXTargetDependency;
			target = 862FCE021CA65B4300DE971A /* Hackathon_ios */;
			targetProxy = 862FCE201CA65B4400DE971A /* PBXContainerItemProxy */;
		};
		862FCE2C1CA65B4400DE971A /* PBXTargetDependency */ = {
			isa = PBXTargetDependency;
			target = 862FCE021CA65B4300DE971A /* Hackathon_ios */;
			targetProxy = 862FCE2B1CA65B4400DE971A /* PBXContainerItemProxy */;
		};
/* End PBXTargetDependency section */

/* Begin PBXVariantGroup section */
		862FCE0F1CA65B4400DE971A /* Main.storyboard */ = {
			isa = PBXVariantGroup;
			children = (
				862FCE101CA65B4400DE971A /* Base */,
			);
			name = Main.storyboard;
			sourceTree = "<group>";
		};
		862FCE171CA65B4400DE971A /* LaunchScreen.storyboard */ = {
			isa = PBXVariantGroup;
			children = (
				862FCE181CA65B4400DE971A /* Base */,
			);
			name = LaunchScreen.storyboard;
			sourceTree = "<group>";
		};
/* End PBXVariantGroup section */

/* Begin XCBuildConfiguration section */
		862FCE311CA65B4400DE971A /* Debug */ = {
			isa = XCBuildConfiguration;
			buildSettings = {
				ALWAYS_SEARCH_USER_PATHS = NO;
				CLANG_CXX_LANGUAGE_STANDARD = "gnu++0x";
				CLANG_CXX_LIBRARY = "libc++";
				CLANG_ENABLE_MODULES = YES;
				CLANG_ENABLE_OBJC_ARC = YES;
				CLANG_WARN_BOOL_CONVERSION = YES;
				CLANG_WARN_CONSTANT_CONVERSION = YES;
				CLANG_WARN_DIRECT_OBJC_ISA_USAGE = YES_ERROR;
				CLANG_WARN_EMPTY_BODY = YES;
				CLANG_WARN_ENUM_CONVERSION = YES;
				CLANG_WARN_INT_CONVERSION = YES;
				CLANG_WARN_OBJC_ROOT_CLASS = YES_ERROR;
				CLANG_WARN_UNREACHABLE_CODE = YES;
				CLANG_WARN__DUPLICATE_METHOD_MATCH = YES;
				"CODE_SIGN_IDENTITY[sdk=iphoneos*]" = "iPhone Developer";
				COPY_PHASE_STRIP = NO;
				DEBUG_INFORMATION_FORMAT = dwarf;
				ENABLE_STRICT_OBJC_MSGSEND = YES;
				ENABLE_TESTABILITY = YES;
				GCC_C_LANGUAGE_STANDARD = gnu99;
				GCC_DYNAMIC_NO_PIC = NO;
				GCC_NO_COMMON_BLOCKS = YES;
				GCC_OPTIMIZATION_LEVEL = 0;
				GCC_PREPROCESSOR_DEFINITIONS = (
					"DEBUG=1",
					"$(inherited)",
				);
				GCC_WARN_64_TO_32_BIT_CONVERSION = YES;
				GCC_WARN_ABOUT_RETURN_TYPE = YES_ERROR;
				GCC_WARN_UNDECLARED_SELECTOR = YES;
				GCC_WARN_UNINITIALIZED_AUTOS = YES_AGGRESSIVE;
				GCC_WARN_UNUSED_FUNCTION = YES;
				GCC_WARN_UNUSED_VARIABLE = YES;
				IPHONEOS_DEPLOYMENT_TARGET = 9.0;
				MTL_ENABLE_DEBUG_INFO = YES;
				ONLY_ACTIVE_ARCH = YES;
				SDKROOT = iphoneos;
			};
			name = Debug;
		};
		862FCE321CA65B4400DE971A /* Release */ = {
			isa = XCBuildConfiguration;
			buildSettings = {
				ALWAYS_SEARCH_USER_PATHS = NO;
				CLANG_CXX_LANGUAGE_STANDARD = "gnu++0x";
				CLANG_CXX_LIBRARY = "libc++";
				CLANG_ENABLE_MODULES = YES;
				CLANG_ENABLE_OBJC_ARC = YES;
				CLANG_WARN_BOOL_CONVERSION = YES;
				CLANG_WARN_CONSTANT_CONVERSION = YES;
				CLANG_WARN_DIRECT_OBJC_ISA_USAGE = YES_ERROR;
				CLANG_WARN_EMPTY_BODY = YES;
				CLANG_WARN_ENUM_CONVERSION = YES;
				CLANG_WARN_INT_CONVERSION = YES;
				CLANG_WARN_OBJC_ROOT_CLASS = YES_ERROR;
				CLANG_WARN_UNREACHABLE_CODE = YES;
				CLANG_WARN__DUPLICATE_METHOD_MATCH = YES;
				"CODE_SIGN_IDENTITY[sdk=iphoneos*]" = "iPhone Developer";
				COPY_PHASE_STRIP = NO;
				DEBUG_INFORMATION_FORMAT = "dwarf-with-dsym";
				ENABLE_NS_ASSERTIONS = NO;
				ENABLE_STRICT_OBJC_MSGSEND = YES;
				GCC_C_LANGUAGE_STANDARD = gnu99;
				GCC_NO_COMMON_BLOCKS = YES;
				GCC_WARN_64_TO_32_BIT_CONVERSION = YES;
				GCC_WARN_ABOUT_RETURN_TYPE = YES_ERROR;
				GCC_WARN_UNDECLARED_SELECTOR = YES;
				GCC_WARN_UNINITIALIZED_AUTOS = YES_AGGRESSIVE;
				GCC_WARN_UNUSED_FUNCTION = YES;
				GCC_WARN_UNUSED_VARIABLE = YES;
				IPHONEOS_DEPLOYMENT_TARGET = 9.0;
				MTL_ENABLE_DEBUG_INFO = NO;
				SDKROOT = iphoneos;
				VALIDATE_PRODUCT = YES;
			};
			name = Release;
		};
		862FCE341CA65B4400DE971A /* Debug */ = {
			isa = XCBuildConfiguration;
			buildSettings = {
				ASSETCATALOG_COMPILER_APPICON_NAME = AppIcon;
				INFOPLIST_FILE = Hackathon_ios/Info.plist;
				LD_RUNPATH_SEARCH_PATHS = "$(inherited) @executable_path/Frameworks";
				PRODUCT_BUNDLE_IDENTIFIER = "com.Hackathon-ios";
				PRODUCT_NAME = "$(TARGET_NAME)";
			};
			name = Debug;
		};
		862FCE351CA65B4400DE971A /* Release */ = {
			isa = XCBuildConfiguration;
			buildSettings = {
				ASSETCATALOG_COMPILER_APPICON_NAME = AppIcon;
				INFOPLIST_FILE = Hackathon_ios/Info.plist;
				LD_RUNPATH_SEARCH_PATHS = "$(inherited) @executable_path/Frameworks";
				PRODUCT_BUNDLE_IDENTIFIER = "com.Hackathon-ios";
				PRODUCT_NAME = "$(TARGET_NAME)";
			};
			name = Release;
		};
		862FCE371CA65B4400DE971A /* Debug */ = {
			isa = XCBuildConfiguration;
			buildSettings = {
				BUNDLE_LOADER = "$(TEST_HOST)";
				INFOPLIST_FILE = Hackathon_iosTests/Info.plist;
				LD_RUNPATH_SEARCH_PATHS = "$(inherited) @executable_path/Frameworks @loader_path/Frameworks";
				PRODUCT_BUNDLE_IDENTIFIER = "com.Hackathon-iosTests";
				PRODUCT_NAME = "$(TARGET_NAME)";
				TEST_HOST = "$(BUILT_PRODUCTS_DIR)/Hackathon_ios.app/Hackathon_ios";
			};
			name = Debug;
		};
		862FCE381CA65B4400DE971A /* Release */ = {
			isa = XCBuildConfiguration;
			buildSettings = {
				BUNDLE_LOADER = "$(TEST_HOST)";
				INFOPLIST_FILE = Hackathon_iosTests/Info.plist;
				LD_RUNPATH_SEARCH_PATHS = "$(inherited) @executable_path/Frameworks @loader_path/Frameworks";
				PRODUCT_BUNDLE_IDENTIFIER = "com.Hackathon-iosTests";
				PRODUCT_NAME = "$(TARGET_NAME)";
				TEST_HOST = "$(BUILT_PRODUCTS_DIR)/Hackathon_ios.app/Hackathon_ios";
			};
			name = Release;
		};
		862FCE3A1CA65B4400DE971A /* Debug */ = {
			isa = XCBuildConfiguration;
			buildSettings = {
				INFOPLIST_FILE = Hackathon_iosUITests/Info.plist;
				LD_RUNPATH_SEARCH_PATHS = "$(inherited) @executable_path/Frameworks @loader_path/Frameworks";
				PRODUCT_BUNDLE_IDENTIFIER = "com.Hackathon-iosUITests";
				PRODUCT_NAME = "$(TARGET_NAME)";
				TEST_TARGET_NAME = Hackathon_ios;
				USES_XCTRUNNER = YES;
			};
			name = Debug;
		};
		862FCE3B1CA65B4400DE971A /* Release */ = {
			isa = XCBuildConfiguration;
			buildSettings = {
				INFOPLIST_FILE = Hackathon_iosUITests/Info.plist;
				LD_RUNPATH_SEARCH_PATHS = "$(inherited) @executable_path/Frameworks @loader_path/Frameworks";
				PRODUCT_BUNDLE_IDENTIFIER = "com.Hackathon-iosUITests";
				PRODUCT_NAME = "$(TARGET_NAME)";
				TEST_TARGET_NAME = Hackathon_ios;
				USES_XCTRUNNER = YES;
			};
			name = Release;
		};
/* End XCBuildConfiguration section */

/* Begin XCConfigurationList section */
		862FCDFE1CA65B4300DE971A /* Build configuration list for PBXProject "Hackathon_ios" */ = {
			isa = XCConfigurationList;
			buildConfigurations = (
				862FCE311CA65B4400DE971A /* Debug */,
				862FCE321CA65B4400DE971A /* Release */,
			);
			defaultConfigurationIsVisible = 0;
			defaultConfigurationName = Release;
		};
		862FCE331CA65B4400DE971A /* Build configuration list for PBXNativeTarget "Hackathon_ios" */ = {
			isa = XCConfigurationList;
			buildConfigurations = (
				862FCE341CA65B4400DE971A /* Debug */,
				862FCE351CA65B4400DE971A /* Release */,
			);
			defaultConfigurationIsVisible = 0;
		};
		862FCE361CA65B4400DE971A /* Build configuration list for PBXNativeTarget "Hackathon_iosTests" */ = {
			isa = XCConfigurationList;
			buildConfigurations = (
				862FCE371CA65B4400DE971A /* Debug */,
				862FCE381CA65B4400DE971A /* Release */,
			);
			defaultConfigurationIsVisible = 0;
		};
		862FCE391CA65B4400DE971A /* Build configuration list for PBXNativeTarget "Hackathon_iosUITests" */ = {
			isa = XCConfigurationList;
			buildConfigurations = (
				862FCE3A1CA65B4400DE971A /* Debug */,
				862FCE3B1CA65B4400DE971A /* Release */,
			);
			defaultConfigurationIsVisible = 0;
		};
/* End XCConfigurationList section */

/* Begin XCVersionGroup section */
		862FCE121CA65B4400DE971A /* Hackathon_ios.xcdatamodeld */ = {
			isa = XCVersionGroup;
			children = (
				862FCE131CA65B4400DE971A /* Hackathon_ios.xcdatamodel */,
			);
			currentVersion = 862FCE131CA65B4400DE971A /* Hackathon_ios.xcdatamodel */;
			path = Hackathon_ios.xcdatamodeld;
			sourceTree = "<group>";
			versionGroupType = wrapper.xcdatamodel;
		};
/* End XCVersionGroup section */
	};
	rootObject = 862FCDFB1CA65B4300DE971A /* Project object */;
}
